<?xml version="1.0" encoding="utf-8"?>
<Project ToolsVersion="4.0" xmlns="http://schemas.microsoft.com/developer/msbuild/2003">
  <ItemGroup>
    <Filter Include="Source Files">
      <UniqueIdentifier>{4FC737F1-C7A5-4376-A066-2A32D752A2FF}</UniqueIdentifier>
      <Extensions>cpp;c;cc;cxx;def;odl;idl;hpj;bat;asm;asmx</Extensions>
    </Filter>
    <Filter Include="Header Files">
      <UniqueIdentifier>{93995380-89BD-4b04-88EB-625FBE52EBFB}</UniqueIdentifier>
      <Extensions>h;hh;hpp;hxx;hm;inl;inc;xsd</Extensions>
    </Filter>
    <Filter Include="Resource Files">
      <UniqueIdentifier>{67DA6AB6-F800-4c08-8B7A-83BB121AAD01}</UniqueIdentifier>
      <Extensions>rc;ico;cur;bmp;dlg;rc2;rct;bin;rgs;gif;jpg;jpeg;jpe;resx;tiff;tif;png;wav;mfcribbon-ms</Extensions>
    </Filter>
    <Filter Include="Shaders">
      <UniqueIdentifier>{f96f75ce-25be-4c35-a07e-c3aef8d49797}</UniqueIdentifier>
    </Filter>
    <Filter Include="Header Files\YXA">
      <UniqueIdentifier>{d2cb010e-c0eb-4e3c-b78c-4845fab9fbc9}</UniqueIdentifier>
    </Filter>
    <Filter Include="Header Files\Game">
      <UniqueIdentifier>{fbda6599-794f-4975-a718-18ec0c63f195}</UniqueIdentifier>
    </Filter>
    <Filter Include="Header Files\YXA\Shader">
      <UniqueIdentifier>{52c1c5eb-54c1-4f2a-90db-3d0189cade61}</UniqueIdentifier>
    </Filter>
    <Filter Include="Header Files\YXA\Entity">
      <UniqueIdentifier>{f962993c-8895-4504-bf0a-e863c3ef6195}</UniqueIdentifier>
    </Filter>
    <Filter Include="Header Files\YXA\BoudingBlob">
      <UniqueIdentifier>{d1806271-f37e-493e-a555-1623cef8f2ce}</UniqueIdentifier>
    </Filter>
  </ItemGroup>
  <ItemGroup>
    <ClCompile Include="main.cpp">
      <Filter>Source Files</Filter>
    </ClCompile>
    <ClCompile Include="DDSTextureLoader.cpp">
      <Filter>Resource Files</Filter>
    </ClCompile>
  </ItemGroup>
  <ItemGroup>
    <ClInclude Include="DDSTextureLoader.h">
      <Filter>Resource Files</Filter>
    </ClInclude>
    <ClInclude Include="PointerList.h">
      <Filter>Resource Files</Filter>
    </ClInclude>
    <ClInclude Include="DPointerList.h">
      <Filter>Resource Files</Filter>
    </ClInclude>
    <ClInclude Include="ComputeShader.h">
      <Filter>Header Files\YXA\Shader</Filter>
    </ClInclude>
    <ClInclude Include="Shader.h">
      <Filter>Header Files\YXA\Shader</Filter>
    </ClInclude>
    <ClInclude Include="YXA.h">
      <Filter>Header Files\YXA</Filter>
    </ClInclude>
    <ClInclude Include="WindowHandler.h">
      <Filter>Header Files\YXA</Filter>
    </ClInclude>
    <ClInclude Include="Vertex.h">
      <Filter>Header Files\YXA</Filter>
    </ClInclude>
    <ClInclude Include="Scene.h">
      <Filter>Header Files\YXA</Filter>
    </ClInclude>
    <ClInclude Include="RenderEngine.h">
      <Filter>Header Files\YXA</Filter>
    </ClInclude>
    <ClInclude Include="Model.h">
      <Filter>Header Files\YXA</Filter>
    </ClInclude>
    <ClInclude Include="Mesh.h">
      <Filter>Header Files\YXA</Filter>
    </ClInclude>
    <ClInclude Include="Material.h">
      <Filter>Header Files\YXA</Filter>
    </ClInclude>
    <ClInclude Include="ImageShaders.h">
      <Filter>Header Files\YXA</Filter>
    </ClInclude>
    <ClInclude Include="Image.h">
      <Filter>Header Files\YXA</Filter>
    </ClInclude>
    <ClInclude Include="Game.h">
      <Filter>Header Files\Game</Filter>
    </ClInclude>
    <ClInclude Include="Entity.h">
      <Filter>Header Files\YXA\Entity</Filter>
    </ClInclude>
    <ClInclude Include="Object.h">
      <Filter>Header Files\YXA\Entity</Filter>
    </ClInclude>
    <ClInclude Include="Camera.h">
      <Filter>Header Files\YXA\Entity</Filter>
    </ClInclude>
    <ClInclude Include="BoundingBlob.h">
      <Filter>Header Files\YXA\BoudingBlob</Filter>
    </ClInclude>
    <ClInclude Include="BoundingBox.h">
      <Filter>Header Files\YXA\BoudingBlob</Filter>
    </ClInclude>
    <ClInclude Include="BoundingSphere.h">
      <Filter>Header Files\YXA\BoudingBlob</Filter>
    </ClInclude>
  </ItemGroup>
  <ItemGroup>
    <FxCompile Include="Phong_PS.hlsl">
      <Filter>Shaders</Filter>
    </FxCompile>
    <FxCompile Include="Phong_VS.hlsl">
      <Filter>Shaders</Filter>
    </FxCompile>
    <FxCompile Include="Copy_CS.hlsl">
      <Filter>Shaders</Filter>
    </FxCompile>
    <FxCompile Include="Phong_GS.hlsl">
      <Filter>Shaders</Filter>
    </FxCompile>
    <FxCompile Include="FXAA_CS.hlsl">
      <Filter>Shaders</Filter>
    </FxCompile>
    <FxCompile Include="Merge_CS.hlsl">
      <Filter>Shaders</Filter>
    </FxCompile>
    <FxCompile Include="GaussianBlur_CS.hlsl">
      <Filter>Shaders</Filter>
    </FxCompile>
  </ItemGroup>
</Project>